# THIS IS AN AUTOGENERATED FILE. DO NOT EDIT THIS FILE DIRECTLY.
# yarn lockfile v1


"@alcalzone/ansi-tokenize@^0.3.0":
  version "0.3.0"
  resolved "https://registry.npmjs.org/@alcalzone/ansi-tokenize/-/ansi-tokenize-0.3.0.tgz"
  integrity sha512-p+CMKJ93HFmLkjXKlXiVGlMQEuRb6H0MokBSwUsX+S6BRX8eV5naFZpQJFfJHjRZY0Hmnqy1/r6UWl3x+19zYA==
  dependencies:
    ansi-styles "^6.2.1"
    is-fullwidth-code-point "^5.0.0"

"@types/node@^22.0.0":
  version "22.19.17"
  resolved "https://registry.npmjs.org/@types/node/-/node-22.19.17.tgz"
  integrity sha512-wGdMcf+vPYM6jikpS/qhg6WiqSV/OhG+jeeHT/KlVqxYfD40iYJf9/AE1uQxVWFvU7MipKRkRv8NSHiCGgPr8Q==
  dependencies:
    undici-types "~6.21.0"

"@types/react@^19.2.14":
  version "19.2.14"
  resolved "https://registry.yarnpkg.com/@types/react/-/react-19.2.14.tgz#39604929b5e3957e3a6fa0001dafb17c7af70bad"
  integrity sha512-ilcTH/UniCkMdtexkoCN0bI7pMcJDvmQFPvuPvmEaYA/NSfFTAgdUSLAoVjaRJm7+6PvcM+q1zYOwS4wTYMF9w==
  dependencies:
    csstype "^3.2.2"

ansi-escapes@^7.3.0:
  version "7.3.0"
  resolved "https://registry.npmjs.org/ansi-escapes/-/ansi-escapes-7.3.0.tgz"
  integrity sha512-BvU8nYgGQBxcmMuEeUEmNTvrMVjJNSH7RgW24vXexN4Ven6qCvy4TntnvlnwnMLTVlcRQQdbRY8NKnaIoeWDNg==
  dependencies:
    environment "^1.0.0"

ansi-regex@^6.2.2:
  version "6.2.2"
  resolved "https://registry.npmjs.org/ansi-regex/-/ansi-regex-6.2.2.tgz"
  integrity sha512-Bq3SmSpyFHaWjPk8If9yc6svM8c56dB5BAtW4Qbw5jHTwwXXcTLoRMkpDJp6VL0XzlWaCHTXrkFURMYmD0sLqg==

ansi-styles@^6.2.1, ansi-styles@^6.2.3:
  version "6.2.3"
  resolved "https://registry.npmjs.org/ansi-styles/-/ansi-styles-6.2.3.tgz"
  integrity sha512-4Dj6M28JB+oAH8kFkTLUo+a2jwOFkuqb3yucU0CANcRRUbxS0cP0nZYCGjcc3BNXwRIsUVmDGgzawme7zvJHvg==

auto-bind@^5.0.1:
  version "5.0.1"
  resolved "https://registry.npmjs.org/auto-bind/-/auto-bind-5.0.1.tgz"
  integrity sha512-ooviqdwwgfIfNmDwo94wlshcdzfO64XV0Cg6oDsDYBJfITDz1EngD2z7DkbvCWn+XIMsIqW27sEVF6qcpJrRcg==

chalk@^5.3.0, chalk@^5.6.2:
  version "5.6.2"
  resolved "https://registry.npmjs.org/chalk/-/chalk-5.6.2.tgz"
  integrity sha512-7NzBL0rN6fMUW+f7A6Io4h40qQlG+xGmtMxfbnH/K7TAtt8JQWVQK+6g0UXKMeVJoyV5EkkNsErQ8pVD3bLHbA==

cli-boxes@^4.0.1:
  version "4.0.1"
  resolved "https://registry.npmjs.org/cli-boxes/-/cli-boxes-4.0.1.tgz"
  integrity sha512-5IOn+jcCEHEraYolBPs/sT4BxYCe2nHg374OPiItB1O96KZFseS2gthU4twyYzeDcFew4DaUM/xwc5BQf08JJw==

cli-cursor@^4.0.0:
  version "4.0.0"
  resolved "https://registry.npmjs.org/cli-cursor/-/cli-cursor-4.0.0.tgz"
  integrity sha512-VGtlMu3x/4DOtIUwEkRezxUZ2lBacNJCHash0N0WeZDBS+7Ux1dm3XWAgWYxLJFMMdOeXMHXorshEFhbMSGelg==
  dependencies:
    restore-cursor "^4.0.0"

cli-truncate@^6.0.0:
  version "6.0.0"
  resolved "https://registry.npmjs.org/cli-truncate/-/cli-truncate-6.0.0.tgz"
  integrity sha512-3+YKIUFsohD9MIoOFPFBldjAlnfCmCDcqe6aYGFqlDTRKg80p4wg35L+j83QQ63iOlKRccEkbn8IuM++HsgEjA==
  dependencies:
    slice-ansi "^9.0.0"
    string-width "^8.2.0"

code-excerpt@^4.0.0:
  version "4.0.0"
  resolved "https://registry.npmjs.org/code-excerpt/-/code-excerpt-4.0.0.tgz"
  integrity sha512-xxodCmBen3iy2i0WtAK8FlFNrRzjUqjRsMfho58xT/wvZU1YTM3fCnRjcy1gJPMepaRlgm/0e6w8SpWHpn3/cA==
  dependencies:
    convert-to-spaces "^2.0.1"

convert-to-spaces@^2.0.1:
  version "2.0.1"
  resolved "https://registry.npmjs.org/convert-to-spaces/-/convert-to-spaces-2.0.1.tgz"
  integrity sha512-rcQ1bsQO9799wq24uE5AM2tAILy4gXGIK/njFWcVQkGNZ96edlpY+A7bjwvzjYvLDyzmG1MmMLZhpcsb+klNMQ==

csstype@^3.2.2:
  version "3.2.3"
  resolved "https://registry.yarnpkg.com/csstype/-/csstype-3.2.3.tgz#ec48c0f3e993e50648c86da559e2610995cf989a"
  integrity sha512-z1HGKcYy2xA8AGQfwrn0PAy+PB7X/GSj3UVJW9qKyn43xWa+gl5nXmU4qqLMRzWVLFC8KusUX8T/0kCiOYpAIQ==

environment@^1.0.0:
  version "1.1.0"
  resolved "https://registry.npmjs.org/environment/-/environment-1.1.0.tgz"
  integrity sha512-xUtoPkMggbz0MPyPiIWr1Kp4aeWJjDZ6SMvURhimjdZgsRuDplF5/s9hcgGhyXMhs+6vpnuoiZ2kFiu3FMnS8Q==

es-toolkit@^1.45.1:
  version "1.45.1"
  resolved "https://registry.npmjs.org/es-toolkit/-/es-toolkit-1.45.1.tgz"
  integrity sha512-/jhoOj/Fx+A+IIyDNOvO3TItGmlMKhtX8ISAHKE90c4b/k1tqaqEZ+uUqfpU8DMnW5cgNJv606zS55jGvza0Xw==

escape-string-regexp@^2.0.0:
  version "2.0.0"
  resolved "https://registry.npmjs.org/escape-string-regexp/-/escape-string-regexp-2.0.0.tgz"
  integrity sha512-UpzcLCXolUWcNu5HtVMHYdXJjArjsF9C0aNnquZYY4uW/Vu0miy5YoWvbV345HauVvcAUnpRuhMMcqTcGOY2+w==

get-east-asian-width@^1.3.1, get-east-asian-width@^1.5.0:
  version "1.5.0"
  resolved "https://registry.npmjs.org/get-east-asian-width/-/get-east-asian-width-1.5.0.tgz"
  integrity sha512-CQ+bEO+Tva/qlmw24dCejulK5pMzVnUOFOijVogd3KQs07HnRIgp8TGipvCCRT06xeYEbpbgwaCxglFyiuIcmA==

indent-string@^5.0.0:
  version "5.0.0"
  resolved "https://registry.npmjs.org/indent-string/-/indent-string-5.0.0.tgz"
  integrity sha512-m6FAo/spmsW2Ab2fU35JTYwtOKa2yAwXSwgjSv1TJzh4Mh7mC3lzAOVLBprb72XsTrgkEIsl7YrFNAiDiRhIGg==

ink-text-input@^6.0.0:
  version "6.0.0"
  resolved "https://registry.npmjs.org/ink-text-input/-/ink-text-input-6.0.0.tgz"
  integrity sha512-Fw64n7Yha5deb1rHY137zHTAbSTNelUKuB5Kkk2HACXEtwIHBCf9OH2tP/LQ9fRYTl1F0dZgbW0zPnZk6FA9Lw==
  dependencies:
    chalk "^5.3.0"
    type-fest "^4.18.2"

ink@^7.0.0:
  version "7.0.0"
  resolved "https://registry.npmjs.org/ink/-/ink-7.0.0.tgz"
  integrity sha512-fMie5/VwIYXofMyND0s+fOVhwVBBPYx+uuqJ6V6rUBGjui+2UYp+0fWtvhSeKT4z+X1uH98a4ge5Vj3aTlL6mg==
  dependencies:
    "@alcalzone/ansi-tokenize" "^0.3.0"
    ansi-escapes "^7.3.0"
    ansi-styles "^6.2.3"
    auto-bind "^5.0.1"
    chalk "^5.6.2"
    cli-boxes "^4.0.1"
    cli-cursor "^4.0.0"
    cli-truncate "^6.0.0"
    code-excerpt "^4.0.0"
    es-toolkit "^1.45.1"
    indent-string "^5.0.0"
    is-in-ci "^2.0.0"
    patch-console "^2.0.0"
    react-reconciler "^0.33.0"
    scheduler "^0.27.0"
    signal-exit "^3.0.7"
    slice-ansi "^9.0.0"
    stack-utils "^2.0.6"
    string-width "^8.2.0"
    terminal-size "^4.0.1"
    type-fest "^5.5.0"
    widest-line "^6.0.0"
    wrap-ansi "^10.0.0"
    ws "^8.20.0"
    yoga-layout "~3.2.1"

is-fullwidth-code-point@^5.0.0, is-fullwidth-code-point@^5.1.0:
  version "5.1.0"
  resolved "https://registry.npmjs.org/is-fullwidth-code-point/-/is-fullwidth-code-point-5.1.0.tgz"
  integrity sha512-5XHYaSyiqADb4RnZ1Bdad6cPp8Toise4TzEjcOYDHZkTCbKgiUl7WTUCpNWHuxmDt91wnsZBc9xinNzopv3JMQ==
  dependencies:
    get-east-asian-width "^1.3.1"

is-in-ci@^2.0.0:
  version "2.0.0"
  resolved "https://registry.npmjs.org/is-in-ci/-/is-in-ci-2.0.0.tgz"
  integrity sha512-cFeerHriAnhrQSbpAxL37W1wcJKUUX07HyLWZCW1URJT/ra3GyUTzBgUnh24TMVfNTV2Hij2HLxkPHFZfOZy5w==

mimic-fn@^2.1.0:
  version "2.1.0"
  resolved "https://registry.npmjs.org/mimic-fn/-/mimic-fn-2.1.0.tgz"
  integrity sha512-OqbOk5oEQeAZ8WXWydlu9HJjz9WVdEIvamMCcXmuqUYjTknH/sqsWvhQ3vgwKFRR1HpjvNBKQ37nbJgYzGqGcg==

onetime@^5.1.0:
  version "5.1.2"
  resolved "https://registry.npmjs.org/onetime/-/onetime-5.1.2.tgz"
  integrity sha512-kbpaSSGJTWdAY5KPVeMOKXSrPtr8C8C7wodJbcsd51jRnmD+GZu8Y0VoU6Dm5Z4vWr0Ig/1NKuWRKf7j5aaYSg==
  dependencies:
    mimic-fn "^2.1.0"

patch-console@^2.0.0:
  version "2.0.0"
  resolved "https://registry.npmjs.org/patch-console/-/patch-console-2.0.0.tgz"
  integrity sha512-0YNdUceMdaQwoKce1gatDScmMo5pu/tfABfnzEqeG0gtTmd7mh/WcwgUjtAeOU7N8nFFlbQBnFK2gXW5fGvmMA==

react-reconciler@^0.33.0:
  version "0.33.0"
  resolved "https://registry.npmjs.org/react-reconciler/-/react-reconciler-0.33.0.tgz"
  integrity sha512-KetWRytFv1epdpJc3J4G75I4WrplZE5jOL7Yq0p34+OVOKF4Se7WrdIdVC45XsSSmUTlht2FM/fM1FZb1mfQeA==
  dependencies:
    scheduler "^0.27.0"

react@^19.2.5:
  version "19.2.5"
  resolved "https://registry.npmjs.org/react/-/react-19.2.5.tgz"
  integrity sha512-llUJLzz1zTUBrskt2pwZgLq59AemifIftw4aB7JxOqf1HY2FDaGDxgwpAPVzHU1kdWabH7FauP4i1oEeer2WCA==

restore-cursor@^4.0.0:
  version "4.0.0"
  resolved "https://registry.npmjs.org/restore-cursor/-/restore-cursor-4.0.0.tgz"
  integrity sha512-I9fPXU9geO9bHOt9pHHOhOkYerIMsmVaWB0rA2AI9ERh/+x/i7MV5HKBNrg+ljO5eoPVgCcnFuRjJ9uH6I/3eg==
  dependencies:
    onetime "^5.1.0"
    signal-exit "^3.0.2"

scheduler@^0.27.0:
  version "0.27.0"
  resolved "https://registry.npmjs.org/scheduler/-/scheduler-0.27.0.tgz"
  integrity sha512-eNv+WrVbKu1f3vbYJT/xtiF5syA5HPIMtf9IgY/nKg0sWqzAUEvqY/xm7OcZc/qafLx/iO9FgOmeSAp4v5ti/Q==

signal-exit@^3.0.2, signal-exit@^3.0.7:
  version "3.0.7"
  resolved "https://registry.npmjs.org/signal-exit/-/signal-exit-3.0.7.tgz"
  integrity sha512-wnD2ZE+l+SPC/uoS0vXeE9L1+0wuaMqKlfz9AMUo38JsyLSBWSFcHR1Rri62LZc12vLr1gb3jl7iwQhgwpAbGQ==

slice-ansi@^9.0.0:
  version "9.0.0"
  resolved "https://registry.npmjs.org/slice-ansi/-/slice-ansi-9.0.0.tgz"
  integrity sha512-SO/3iYL5S3W57LLEniscOGPZgOqZUPCx6d3dB+52B80yJ0XstzsC/eV8gnA4tM3MHDrKz+OCFSLNjswdSC+/bA==
  dependencies:
    ansi-styles "^6.2.3"
    is-fullwidth-code-point "^5.1.0"

stack-utils@^2.0.6:
  version "2.0.6"
  resolved "https://registry.npmjs.org/stack-utils/-/stack-utils-2.0.6.tgz"
  integrity sha512-XlkWvfIm6RmsWtNJx+uqtKLS8eqFbxUg0ZzLXqY0caEy9l7hruX8IpiDnjsLavoBgqCCR71TqWO8MaXYheJ3RQ==
  dependencies:
    escape-string-regexp "^2.0.0"

string-width@^8.1.0, string-width@^8.2.0:
  version "8.2.0"
  resolved "https://registry.npmjs.org/string-width/-/string-width-8.2.0.tgz"
  integrity sha512-6hJPQ8N0V0P3SNmP6h2J99RLuzrWz2gvT7VnK5tKvrNqJoyS9W4/Fb8mo31UiPvy00z7DQXkP2hnKBVav76thw==
  dependencies:
    get-east-asian-width "^1.5.0"
    strip-ansi "^7.1.2"

strip-ansi@^7.1.2:
  version "7.2.0"
  resolved "https://registry.npmjs.org/strip-ansi/-/strip-ansi-7.2.0.tgz"
  integrity sha512-yDPMNjp4WyfYBkHnjIRLfca1i6KMyGCtsVgoKe/z1+6vukgaENdgGBZt+ZmKPc4gavvEZ5OgHfHdrazhgNyG7w==
  dependencies:
    ansi-regex "^6.2.2"

tagged-tag@^1.0.0:
  version "1.0.0"
  resolved "https://registry.npmjs.org/tagged-tag/-/tagged-tag-1.0.0.tgz"
  integrity sha512-yEFYrVhod+hdNyx7g5Bnkkb0G6si8HJurOoOEgC8B/O0uXLHlaey/65KRv6cuWBNhBgHKAROVpc7QyYqE5gFng==

terminal-size@^4.0.1:
  version "4.0.1"
  resolved "https://registry.npmjs.org/terminal-size/-/terminal-size-4.0.1.tgz"
  integrity sha512-avMLDQpUI9I5XFrklECw1ZEUPJhqzcwSWsyyI8blhRLT+8N1jLJWLWWYQpB2q2xthq8xDvjZPISVh53T/+CLYQ==

type-fest@^4.18.2:
  version "4.41.0"
  resolved "https://registry.npmjs.org/type-fest/-/type-fest-4.41.0.tgz"
  integrity sha512-TeTSQ6H5YHvpqVwBRcnLDCBnDOHWYu7IvGbHT6N8AOymcr9PJGjc1GTtiWZTYg0NCgYwvnYWEkVChQAr9bjfwA==

type-fest@^5.5.0:
  version "5.5.0"
  resolved "https://registry.npmjs.org/type-fest/-/type-fest-5.5.0.tgz"
  integrity sha512-PlBfpQwiUvGViBNX84Yxwjsdhd1TUlXr6zjX7eoirtCPIr08NAmxwa+fcYBTeRQxHo9YC9wwF3m9i700sHma8g==
  dependencies:
    tagged-tag "^1.0.0"

typescript@^5.8.0:
  version "5.9.3"
  resolved "https://registry.npmjs.org/typescript/-/typescript-5.9.3.tgz"
  integrity sha512-jl1vZzPDinLr9eUt3J/t7V6FgNEw9QjvBPdysz9KfQDD41fQrC2Y4vKQdiaUpFT4bXlb1RHhLpp8wtm6M5TgSw==

undici-types@~6.21.0:
  version "6.21.0"
  resolved "https://registry.npmjs.org/undici-types/-/undici-types-6.21.0.tgz"
  integrity sha512-iwDZqg0QAGrg9Rav5H4n0M64c3mkR59cJ6wQp+7C4nI0gsmExaedaYLNO44eT4AtBBwjbTiGPMlt2Md0T9H9JQ==

widest-line@^6.0.0:
  version "6.0.0"
  resolved "https://registry.npmjs.org/widest-line/-/widest-line-6.0.0.tgz"
  integrity sha512-U89AsyEeAsyoF0zVJBkG9zBgekjgjK7yk9sje3F4IQpXBJ10TF6ByLlIfjMhcmHMJgHZI4KHt4rdNfktzxIAMA==
  dependencies:
    string-width "^8.1.0"

wrap-ansi@^10.0.0:
  version "10.0.0"
  resolved "https://registry.npmjs.org/wrap-ansi/-/wrap-ansi-10.0.0.tgz"
  integrity sha512-SGcvg80f0wUy2/fXES19feHMz8E0JoXv2uNgHOu4Dgi2OrCy1lqwFYEJz1BLbDI0exjPMe/ZdzZ/YpGECBG/aQ==
  dependencies:
    ansi-styles "^6.2.3"
    string-width "^8.2.0"
    strip-ansi "^7.1.2"

ws@^8.20.0:
  version "8.20.0"
  resolved "https://registry.npmjs.org/ws/-/ws-8.20.0.tgz"
  integrity sha512-sAt8BhgNbzCtgGbt2OxmpuryO63ZoDk/sqaB/znQm94T4fCEsy/yV+7CdC1kJhOU9lboAEU7R3kquuycDoibVA==

yoga-layout@~3.2.1:
  version "3.2.1"
  resolved "https://registry.npmjs.org/yoga-layout/-/yoga-layout-3.2.1.tgz"
  integrity sha512-0LPOt3AxKqMdFBZA3HBAt/t/8vIKq7VaQYbuA8WxCgung+p9TVyKRYdpvCb80HcdTN2NkbIKbhNwKUfm3tQywQ==
